
Microsoft Visual Studio Solution File, Format Version 12.00
# Visual Studio Version 16
VisualStudioVersion = 16.0.30907.101
MinimumVisualStudioVersion = 10.0.40219.1
Project("{FAE04EC0-301F-11D3-BF4B-00C04F79EFBC}") = "ClassMetotDemo", "ClassMetotDemo\ClassMetotDemo.csproj", "{78BC5F77-7469-452E-A146-B06408395B1F}"
EndProject
Global
	GlobalSection(SolutionConfigurationPlatforms) = preSolution
		Debug|Any CPU = Debug|Any CPU
		Release|Any CPU = Release|Any CPU
	EndGlobalSection
	GlobalSection(ProjectConfigurationPlatforms) = postSolution
		{78BC5F77-7469-452E-A146-B06408395B1F}.Debug|Any CPU.ActiveCfg = Debug|Any CPU
		{78BC5F77-7469-452E-A146-B06408395B1F}.Debug|Any CPU.Build.0 = Debug|Any CPU
		{78BC5F77-7469-452E-A146-B06408395B1F}.Release|Any CPU.ActiveCfg = Release|Any CPU
		{78BC5F77-7469-452E-A146-B06408395B1F}.Release|Any CPU.Build.0 = Release|Any CPU
	EndGlobalSection
	GlobalSection(SolutionProperties) = preSolution
		HideSolutionNode = FALSE
	EndGlobalSection
	GlobalSection(ExtensibilityGlobals) = postSolution
		SolutionGuid = {027A9B35-6D52-4F94-833B-EDA36F6CD248}
	EndGlobalSection
EndGlobal
